// !$*UTF8*$!
{
	archiveVersion = 1;
	classes = {
	};
	objectVersion = 46;
	objects = {
		FE02A78D8A6C10338E0F1667 = {
			isa = PBXBuildFile;
			fileRef = 6853D8DE8F51FF8DBF9F638A;
		};
		3D34C19ADAA5AFAE3DB58C07 = {
			isa = PBXBuildFile;
			fileRef = 03AD50CE2D334228A234DF81;
		};
		73F15F7BB8E64A8A312C8833 = {
			isa = PBXBuildFile;
			fileRef = 56320D18C9DF55D67898E74E;
		};
		BBD1CE8FBCFCB4F9D3229C78 = {
			isa = PBXBuildFile;
			fileRef = 67C719BF25932578250D93E0;
		};
		4FAF855BA9D24B7ED4D3562F = {
			isa = PBXBuildFile;
			fileRef = F59DD213D2806ADF4B0B517C;
		};
		32A23CA863FD2D820E7B07CC = {
			isa = PBXBuildFile;
			fileRef = C5250E406BDB48458E056797;
		};
		2A433DD9BA6492A071C921CB = {
			isa = PBXBuildFile;
			fileRef = 330BEA7DB869BD97FD929700;
		};
		6CF1C8BE18674E15C2B5157B = {
			isa = PBXBuildFile;
			fileRef = 759136E422691334140387E3;
		};
		A1AF46252E160481C9D156AD = {
			isa = PBXBuildFile;
			fileRef = 7EBE251C2F337DA0F76DD542;
		};
		B683D8B61ACEE6E55709CBC1 = {
			isa = PBXBuildFile;
			fileRef = 9F182EE5E02AE4A738D9F256;
		};
		8DEB3CA1A87BB2384676B880 = {
			isa = PBXBuildFile;
			fileRef = 1401938A55370178246B3741;
		};
		CE8425AA4246C62F36A7EB46 = {
			isa = PBXBuildFile;
			fileRef = E92C5244DCC3DC505B3158EC;
		};
		3CA3A3892C0CD1C11C1B3D45 = {
			isa = PBXBuildFile;
			fileRef = A9514992BA2F76CC385972A1;
		};
		F34C0B44FAAEA9486C25E96B = {
			isa = PBXBuildFile;
			fileRef = F1BC08DFEF4676395F5B5925;
		};
		EA0C2FA8774DA5CFFA4B9AEE = {
			isa = PBXBuildFile;
			fileRef = 4D84A3AF46ED5D3F7414D841;
		};
		185886F247FFD0223B7B785A = {
			isa = PBXBuildFile;
			fileRef = 0A9A4E9E2DEAEE8CCFA4EB4E;
		};
		E9AA334CCC51494818AFA6E1 = {
			isa = PBXBuildFile;
			fileRef = 954B3442032485F3A977898D;
		};
		0567147AD59A54E0F789B665 = {
			isa = PBXBuildFile;
			fileRef = FA53F13DC132A04A3B7D52E9;
		};
		A09C0EC0047ABCEED0AD6063 = {
			isa = PBXBuildFile;
			fileRef = 03431D7D7C4EA3208DF246A6;
		};
		6CF2C55883974ACFB23FEE23 = {
			isa = PBXBuildFile;
			fileRef = 327981BAB80D7D936FB36EF7;
		};
		EF6C3B7216AB10B0A0B1475B = {
			isa = PBXBuildFile;
			fileRef = AC99D5AC436D65232F6EB648;
		};
		F1F88641B9EF26DD9368833B = {
			isa = PBXBuildFile;
			fileRef = C867E71458DA42ECEAF0ED8A;
		};
		462F791143AF30FFAC7DDF18 = {
			isa = PBXBuildFile;
			fileRef = 3F457F144E4FF5FE76C0904C;
		};
		314880C2BD54703F272E66BB = {
			isa = PBXBuildFile;
			fileRef = 29299E92420F792D8C4CAA40;
		};
		D30817AA977AA3236337351C = {
			isa = PBXBuildFile;
			fileRef = 76D372BB24EB4877BCC9E64F;
		};
		D6DC820922EFEC7C98178BF5 = {
			isa = PBXBuildFile;
			fileRef = 90DFE88EA5A86F868AF1C58D;
		};
		D1E52B07A74EAF85FD8F0678 = {
			isa = PBXBuildFile;
			fileRef = 57E18ECC1D3993F9A0CC2A20;
		};
		FBF05364873143E2CC985F3B = {
			isa = PBXBuildFile;
			fileRef = A117FF28F94943CB15EB6E14;
		};
		699D8AC4E1C0946ED8F78CB9 = {
			isa = PBXBuildFile;
			fileRef = 0DCCB6BC0A0C568EC3DD48B2;
		};
		631B8082B1B83C87881AAEE9 = {
			isa = PBXBuildFile;
			fileRef = AD544DA305BC4DFD5D2BCD1E;
		};
		219F76317AD36EEB9647C41C = {
			isa = PBXBuildFile;
			fileRef = B65EF3AF5BA72AD2A045EDEF;
		};
		8438B565D7A37281025CFB93 = {
			isa = PBXBuildFile;
			fileRef = 817FD84A842BFD4E6AD57741;
		};
		091E03D280F783D9C792378D = {
			isa = PBXBuildFile;
			fileRef = 8E6314421B779216A998874B;
		};
		8E7292CF6FEDEAEF93F24733 = {
			isa = PBXBuildFile;
			fileRef = 85802A2E0D600D219FAA1811;
		};
		5CC14FEB1109A590DC288F4C = {
			isa = PBXBuildFile;
			fileRef = 15829FF6CE7DDD4B36168C24;
		};
		325CD6C7502C2307124613C9 = {
			isa = PBXBuildFile;
			fileRef = 5AE1A7E59533B0659F82B5CA;
		};
		39D838BBDEF6F6227ECA165C = {
			isa = PBXBuildFile;
			fileRef = 449E4D046185F93DD0C5B3E4;
		};
		B9CA86DFD6925C0523E90051 = {
			isa = PBXBuildFile;
			fileRef = A545D2A7B0D3ED9CF6BF8B86;
		};
		C569D6AC93E659072B3202B4 = {
			isa = PBXBuildFile;
			fileRef = 3C861320C4348746118D23CD;
		};
		0BF315FA65FD359CF1642211 = {
			isa = PBXBuildFile;
			fileRef = 89053663B4F26027DCB57DE1;
		};
		03431D7D7C4EA3208DF246A6 = {
			isa = PBXFileReference;
			lastKnownFileType = sourcecode.cpp.cpp;
			name = PluginProcessor.cpp;
			path = ../../Source/PluginProcessor.cpp;
			sourceTree = "SOURCE_ROOT";
		};
		03607B95A05792B1F06E45FD = {
			isa = PBXFileReference;
			lastKnownFileType = file;
			name = "juce_audio_basics";
			path = "/Applications/JUCE/modules/juce_audio_basics";
			sourceTree = "<absolute>";
		};
		6853D8DE8F51FF8DBF9F638A = {
			isa = PBXFileReference;
			explicitFileType = wrapper.cfbundle;
			includeInIndex = 0;
			path = Panimate.vst3;
			sourceTree = "BUILT_PRODUCTS_DIR";
		};
		03AD50CE2D334228A234DF81 = {
			isa = PBXFileReference;
			explicitFileType = wrapper.cfbundle;
			includeInIndex = 0;
			path = Panimate.component;
			sourceTree = "BUILT_PRODUCTS_DIR";
		};
		0A9A4E9E2DEAEE8CCFA4EB4E = {
			isa = PBXFileReference;
			lastKnownFileType = wrapper.framework;
			name = QuartzCore.framework;
			path = System/Library/Frameworks/QuartzCore.framework;
			sourceTree = SDKROOT;
		};
		0DCCB6BC0A0C568EC3DD48B2 = {
			isa = PBXFileReference;
			lastKnownFileType = sourcecode.cpp.objcpp;
			name = "include_juce_audio_plugin_client_VST_utils.mm";
			path = "../../JuceLibraryCode/include_juce_audio_plugin_client_VST_utils.mm";
			sourceTree = "SOURCE_ROOT";
		};
		1401938A55370178246B3741 = {
			isa = PBXFileReference;
			lastKnownFileType = wrapper.framework;
			name = CoreAudioKit.framework;
			path = System/Library/Frameworks/CoreAudioKit.framework;
			sourceTree = SDKROOT;
		};
		15829FF6CE7DDD4B36168C24 = {
			isa = PBXFileReference;
			lastKnownFileType = sourcecode.cpp.objcpp;
			name = "include_juce_data_structures.mm";
			path = "../../JuceLibraryCode/include_juce_data_structures.mm";
			sourceTree = "SOURCE_ROOT";
		};
		1F5EC0E2FD9305463CC07E80 = {
			isa = PBXFileReference;
			lastKnownFileType = sourcecode.c.h;
			name = AppConfig.h;
			path = ../../JuceLibraryCode/AppConfig.h;
			sourceTree = "SOURCE_ROOT";
		};
		22EF7B74F1401D6711DF6F0C = {
			isa = PBXFileReference;
			lastKnownFileType = file;
			name = "juce_audio_devices";
			path = "/Applications/JUCE/modules/juce_audio_devices";
			sourceTree = "<absolute>";
		};
		29299E92420F792D8C4CAA40 = {
			isa = PBXFileReference;
			lastKnownFileType = file.r;
			name = "include_juce_audio_plugin_client_AU.r";
			path = "../../JuceLibraryCode/include_juce_audio_plugin_client_AU.r";
			sourceTree = "SOURCE_ROOT";
		};
		2DF2DB3048AE818558F84EAE = {
			isa = PBXFileReference;
			lastKnownFileType = text.plist.xml;
			name = "Info-VST3.plist";
			path = "Info-VST3.plist";
			sourceTree = "SOURCE_ROOT";
		};
		327981BAB80D7D936FB36EF7 = {
			isa = PBXFileReference;
			lastKnownFileType = sourcecode.cpp.cpp;
			name = PluginEditor.cpp;
			path = ../../Source/PluginEditor.cpp;
			sourceTree = "SOURCE_ROOT";
		};
		330BEA7DB869BD97FD929700 = {
			isa = PBXFileReference;
			lastKnownFileType = wrapper.framework;
			name = AudioUnit.framework;
			path = System/Library/Frameworks/AudioUnit.framework;
			sourceTree = SDKROOT;
		};
		366EC96B0D8A9C574F7D4F1B = {
			isa = PBXFileReference;
			lastKnownFileType = file;
			name = "juce_audio_utils";
			path = "/Applications/JUCE/modules/juce_audio_utils";
			sourceTree = "<absolute>";
		};
		377C959CCADBC84E4B6FF385 = {
			isa = PBXFileReference;
			lastKnownFileType = file;
			name = "juce_data_structures";
			path = "/Applications/JUCE/modules/juce_data_structures";
			sourceTree = "<absolute>";
		};
		3C861320C4348746118D23CD = {
			isa = PBXFileReference;
			lastKnownFileType = sourcecode.cpp.objcpp;
			name = "include_juce_gui_extra.mm";
			path = "../../JuceLibraryCode/include_juce_gui_extra.mm";
			sourceTree = "SOURCE_ROOT";
		};
		3F457F144E4FF5FE76C0904C = {
			isa = PBXFileReference;
			lastKnownFileType = sourcecode.cpp.objcpp;
			name = "include_juce_audio_formats.mm";
			path = "../../JuceLibraryCode/include_juce_audio_formats.mm";
			sourceTree = "SOURCE_ROOT";
		};
		439D227C2E3E13D1621084BA = {
			isa = PBXFileReference;
			lastKnownFileType = text.plist.xml;
			name = Panimate.entitlements;
			path = Panimate.entitlements;
			sourceTree = "SOURCE_ROOT";
		};
		449E4D046185F93DD0C5B3E4 = {
			isa = PBXFileReference;
			lastKnownFileType = sourcecode.cpp.objcpp;
			name = "include_juce_graphics.mm";
			path = "../../JuceLibraryCode/include_juce_graphics.mm";
			sourceTree = "SOURCE_ROOT";
		};
		4D84A3AF46ED5D3F7414D841 = {
			isa = PBXFileReference;
			lastKnownFileType = wrapper.framework;
			name = OpenGL.framework;
			path = System/Library/Frameworks/OpenGL.framework;
			sourceTree = SDKROOT;
		};
		4E24AE7D0A0FE8A74717C586 = {
			isa = PBXFileReference;
			lastKnownFileType = file;
			name = "juce_cryptography";
			path = "/Applications/JUCE/modules/juce_cryptography";
			sourceTree = "<absolute>";
		};
		56320D18C9DF55D67898E74E = {
			isa = PBXFileReference;
			explicitFileType = wrapper.application;
			includeInIndex = 0;
			path = Panimate.app;
			sourceTree = "BUILT_PRODUCTS_DIR";
		};
		57E18ECC1D3993F9A0CC2A20 = {
			isa = PBXFileReference;
			lastKnownFileType = sourcecode.cpp.cpp;
			name = "include_juce_audio_plugin_client_Standalone.cpp";
			path = "../../JuceLibraryCode/include_juce_audio_plugin_client_Standalone.cpp";
			sourceTree = "SOURCE_ROOT";
		};
		581D7637B5145911450BFA22 = {
			isa = PBXFileReference;
			lastKnownFileType = file;
			name = "juce_audio_processors";
			path = "/Applications/JUCE/modules/juce_audio_processors";
			sourceTree = "<absolute>";
		};
		5AE1A7E59533B0659F82B5CA = {
			isa = PBXFileReference;
			lastKnownFileType = sourcecode.cpp.objcpp;
			name = "include_juce_events.mm";
			path = "../../JuceLibraryCode/include_juce_events.mm";
			sourceTree = "SOURCE_ROOT";
		};
		621BAF51E6C718C4447B6C41 = {
			isa = PBXFileReference;
			lastKnownFileType = text.plist.xml;
			name = "Info-Standalone_Plugin.plist";
			path = "Info-Standalone_Plugin.plist";
			sourceTree = "SOURCE_ROOT";
		};
		67C719BF25932578250D93E0 = {
			isa = PBXFileReference;
			explicitFileType = archive.ar;
			includeInIndex = 0;
			path = libPanimate.a;
			sourceTree = "BUILT_PRODUCTS_DIR";
		};
		6BE401E2B69841A444C895FC = {
			isa = PBXFileReference;
			lastKnownFileType = file;
			name = "juce_audio_formats";
			path = "/Applications/JUCE/modules/juce_audio_formats";
			sourceTree = "<absolute>";
		};
		71BCBE64C40B373781ADF2E4 = {
			isa = PBXFileReference;
			lastKnownFileType = file;
			name = "juce_gui_basics";
			path = "/Applications/JUCE/modules/juce_gui_basics";
			sourceTree = "<absolute>";
		};
		759136E422691334140387E3 = {
			isa = PBXFileReference;
			lastKnownFileType = wrapper.framework;
			name = Carbon.framework;
			path = System/Library/Frameworks/Carbon.framework;
			sourceTree = SDKROOT;
		};
		76D372BB24EB4877BCC9E64F = {
			isa = PBXFileReference;
			lastKnownFileType = sourcecode.cpp.objcpp;
			name = "include_juce_audio_plugin_client_AU_1.mm";
			path = "../../JuceLibraryCode/include_juce_audio_plugin_client_AU_1.mm";
			sourceTree = "SOURCE_ROOT";
		};
		79770287CFE66752418647D7 = {
			isa = PBXFileReference;
			lastKnownFileType = file;
			name = "juce_events";
			path = "/Applications/JUCE/modules/juce_events";
			sourceTree = "<absolute>";
		};
		7EBE251C2F337DA0F76DD542 = {
			isa = PBXFileReference;
			lastKnownFileType = wrapper.framework;
			name = Cocoa.framework;
			path = System/Library/Frameworks/Cocoa.framework;
			sourceTree = SDKROOT;
		};
		817FD84A842BFD4E6AD57741 = {
			isa = PBXFileReference;
			lastKnownFileType = sourcecode.cpp.objcpp;
			name = "include_juce_audio_utils.mm";
			path = "../../JuceLibraryCode/include_juce_audio_utils.mm";
			sourceTree = "SOURCE_ROOT";
		};
		85802A2E0D600D219FAA1811 = {
			isa = PBXFileReference;
			lastKnownFileType = sourcecode.cpp.objcpp;
			name = "include_juce_cryptography.mm";
			path = "../../JuceLibraryCode/include_juce_cryptography.mm";
			sourceTree = "SOURCE_ROOT";
		};
		89053663B4F26027DCB57DE1 = {
			isa = PBXFileReference;
			lastKnownFileType = sourcecode.cpp.objcpp;
			name = "include_juce_opengl.mm";
			path = "../../JuceLibraryCode/include_juce_opengl.mm";
			sourceTree = "SOURCE_ROOT";
		};
		8E6314421B779216A998874B = {
			isa = PBXFileReference;
			lastKnownFileType = sourcecode.cpp.objcpp;
			name = "include_juce_core.mm";
			path = "../../JuceLibraryCode/include_juce_core.mm";
			sourceTree = "SOURCE_ROOT";
		};
		90DFE88EA5A86F868AF1C58D = {
			isa = PBXFileReference;
			lastKnownFileType = sourcecode.cpp.objcpp;
			name = "include_juce_audio_plugin_client_AU_2.mm";
			path = "../../JuceLibraryCode/include_juce_audio_plugin_client_AU_2.mm";
			sourceTree = "SOURCE_ROOT";
		};
		954B3442032485F3A977898D = {
			isa = PBXFileReference;
			lastKnownFileType = wrapper.framework;
			name = WebKit.framework;
			path = System/Library/Frameworks/WebKit.framework;
			sourceTree = SDKROOT;
		};
		9F182EE5E02AE4A738D9F256 = {
			isa = PBXFileReference;
			lastKnownFileType = wrapper.framework;
			name = CoreAudio.framework;
			path = System/Library/Frameworks/CoreAudio.framework;
			sourceTree = SDKROOT;
		};
		A117FF28F94943CB15EB6E14 = {
			isa = PBXFileReference;
			lastKnownFileType = sourcecode.cpp.cpp;
			name = "include_juce_audio_plugin_client_utils.cpp";
			path = "../../JuceLibraryCode/include_juce_audio_plugin_client_utils.cpp";
			sourceTree = "SOURCE_ROOT";
		};
		A545D2A7B0D3ED9CF6BF8B86 = {
			isa = PBXFileReference;
			lastKnownFileType = sourcecode.cpp.objcpp;
			name = "include_juce_gui_basics.mm";
			path = "../../JuceLibraryCode/include_juce_gui_basics.mm";
			sourceTree = "SOURCE_ROOT";
		};
		A65E8A6FA73CD284903210DF = {
			isa = PBXFileReference;
			lastKnownFileType = file;
			name = "juce_opengl";
			path = "/Applications/JUCE/modules/juce_opengl";
			sourceTree = "<absolute>";
		};
		A9514992BA2F76CC385972A1 = {
			isa = PBXFileReference;
			lastKnownFileType = wrapper.framework;
			name = DiscRecording.framework;
			path = System/Library/Frameworks/DiscRecording.framework;
			sourceTree = SDKROOT;
		};
		A971B149B7DF66DCD79B97A6 = {
			isa = PBXFileReference;
			lastKnownFileType = sourcecode.c.h;
			name = JuceHeader.h;
			path = ../../JuceLibraryCode/JuceHeader.h;
			sourceTree = "SOURCE_ROOT";
		};
		AC99D5AC436D65232F6EB648 = {
			isa = PBXFileReference;
			lastKnownFileType = sourcecode.cpp.objcpp;
			name = "include_juce_audio_basics.mm";
			path = "../../JuceLibraryCode/include_juce_audio_basics.mm";
			sourceTree = "SOURCE_ROOT";
		};
		AD544DA305BC4DFD5D2BCD1E = {
			isa = PBXFileReference;
			lastKnownFileType = sourcecode.cpp.cpp;
			name = "include_juce_audio_plugin_client_VST3.cpp";
			path = "../../JuceLibraryCode/include_juce_audio_plugin_client_VST3.cpp";
			sourceTree = "SOURCE_ROOT";
		};
		B1F38B38A22FB14E6E61FCE6 = {
			isa = PBXFileReference;
			lastKnownFileType = sourcecode.c.h;
			name = PluginEditor.h;
			path = ../../Source/PluginEditor.h;
			sourceTree = "SOURCE_ROOT";
		};
		B65EF3AF5BA72AD2A045EDEF = {
			isa = PBXFileReference;
			lastKnownFileType = sourcecode.cpp.objcpp;
			name = "include_juce_audio_processors.mm";
			path = "../../JuceLibraryCode/include_juce_audio_processors.mm";
			sourceTree = "SOURCE_ROOT";
		};
		C5250E406BDB48458E056797 = {
			isa = PBXFileReference;
			lastKnownFileType = wrapper.framework;
			name = AudioToolbox.framework;
			path = System/Library/Frameworks/AudioToolbox.framework;
			sourceTree = SDKROOT;
		};
		C867E71458DA42ECEAF0ED8A = {
			isa = PBXFileReference;
			lastKnownFileType = sourcecode.cpp.objcpp;
			name = "include_juce_audio_devices.mm";
			path = "../../JuceLibraryCode/include_juce_audio_devices.mm";
			sourceTree = "SOURCE_ROOT";
		};
		D598CADDBDE9BD6CFC59F742 = {
			isa = PBXFileReference;
			lastKnownFileType = file;
			name = "juce_gui_extra";
			path = "/Applications/JUCE/modules/juce_gui_extra";
			sourceTree = "<absolute>";
		};
		D9FDB0B9E890FCA979F16B37 = {
			isa = PBXFileReference;
			lastKnownFileType = file;
			name = "juce_graphics";
			path = "/Applications/JUCE/modules/juce_graphics";
			sourceTree = "<absolute>";
		};
		DA94CCA91D938D65D0B98EE4 = {
			isa = PBXFileReference;
			lastKnownFileType = file;
			name = "juce_audio_plugin_client";
			path = "/Applications/JUCE/modules/juce_audio_plugin_client";
			sourceTree = "<absolute>";
		};
		E1AD979CE161391485F2919E = {
			isa = PBXFileReference;
			lastKnownFileType = sourcecode.c.h;
			name = PluginProcessor.h;
			path = ../../Source/PluginProcessor.h;
			sourceTree = "SOURCE_ROOT";
		};
		E46E0359FD81077D60A5BF0A = {
			isa = PBXFileReference;
			lastKnownFileType = text.plist.xml;
			name = "Info-AU.plist";
			path = "Info-AU.plist";
			sourceTree = "SOURCE_ROOT";
		};
		E92C5244DCC3DC505B3158EC = {
			isa = PBXFileReference;
			lastKnownFileType = wrapper.framework;
			name = CoreMIDI.framework;
			path = System/Library/Frameworks/CoreMIDI.framework;
			sourceTree = SDKROOT;
		};
		EA41CDA7FC0FC5252547BC40 = {
			isa = PBXFileReference;
			lastKnownFileType = file;
			name = "juce_core";
			path = "/Applications/JUCE/modules/juce_core";
			sourceTree = "<absolute>";
		};
		F1BC08DFEF4676395F5B5925 = {
			isa = PBXFileReference;
			lastKnownFileType = wrapper.framework;
			name = IOKit.framework;
			path = System/Library/Frameworks/IOKit.framework;
			sourceTree = SDKROOT;
		};
		F59DD213D2806ADF4B0B517C = {
			isa = PBXFileReference;
			lastKnownFileType = wrapper.framework;
			name = Accelerate.framework;
			path = System/Library/Frameworks/Accelerate.framework;
			sourceTree = SDKROOT;
		};
		FA53F13DC132A04A3B7D52E9 = {
			isa = PBXFileReference;
			lastKnownFileType = file.nib;
			name = RecentFilesMenuTemplate.nib;
			path = RecentFilesMenuTemplate.nib;
			sourceTree = "SOURCE_ROOT";
		};
		304DB9BDDC46BC9F85001290 = {
			isa = PBXGroup;
			children = (
				03431D7D7C4EA3208DF246A6,
				E1AD979CE161391485F2919E,
				327981BAB80D7D936FB36EF7,
				B1F38B38A22FB14E6E61FCE6,
			);
			name = Source;
			sourceTree = "<group>";
		};
		9625ECC48CFB81F63EC82D66 = {
			isa = PBXGroup;
			children = (
				304DB9BDDC46BC9F85001290,
			);
			name = Panimate;
			sourceTree = "<group>";
		};
		4A43F8D1F7D81828E860F6BE = {
			isa = PBXGroup;
			children = (
				03607B95A05792B1F06E45FD,
				22EF7B74F1401D6711DF6F0C,
				6BE401E2B69841A444C895FC,
				DA94CCA91D938D65D0B98EE4,
				581D7637B5145911450BFA22,
				366EC96B0D8A9C574F7D4F1B,
				EA41CDA7FC0FC5252547BC40,
				4E24AE7D0A0FE8A74717C586,
				377C959CCADBC84E4B6FF385,
				79770287CFE66752418647D7,
				D9FDB0B9E890FCA979F16B37,
				71BCBE64C40B373781ADF2E4,
				D598CADDBDE9BD6CFC59F742,
				A65E8A6FA73CD284903210DF,
			);
			name = "JUCE Modules";
			sourceTree = "<group>";
		};
		468B330A1E1E71BBCD48B5CE = {
			isa = PBXGroup;
			children = (
				1F5EC0E2FD9305463CC07E80,
				AC99D5AC436D65232F6EB648,
				C867E71458DA42ECEAF0ED8A,
				3F457F144E4FF5FE76C0904C,
				29299E92420F792D8C4CAA40,
				76D372BB24EB4877BCC9E64F,
				90DFE88EA5A86F868AF1C58D,
				57E18ECC1D3993F9A0CC2A20,
				A117FF28F94943CB15EB6E14,
				0DCCB6BC0A0C568EC3DD48B2,
				AD544DA305BC4DFD5D2BCD1E,
				B65EF3AF5BA72AD2A045EDEF,
				817FD84A842BFD4E6AD57741,
				8E6314421B779216A998874B,
				85802A2E0D600D219FAA1811,
				15829FF6CE7DDD4B36168C24,
				5AE1A7E59533B0659F82B5CA,
				449E4D046185F93DD0C5B3E4,
				A545D2A7B0D3ED9CF6BF8B86,
				3C861320C4348746118D23CD,
				89053663B4F26027DCB57DE1,
				A971B149B7DF66DCD79B97A6,
			);
			name = "JUCE Library Code";
			sourceTree = "<group>";
		};
		9770F3726BF8AE517AF57F8C = {
			isa = PBXGroup;
			children = (
				2DF2DB3048AE818558F84EAE,
				E46E0359FD81077D60A5BF0A,
				621BAF51E6C718C4447B6C41,
				FA53F13DC132A04A3B7D52E9,
			);
			name = Resources;
			sourceTree = "<group>";
		};
		17FAA370C1DF5105D24463EE = {
			isa = PBXGroup;
			children = (
				F59DD213D2806ADF4B0B517C,
				C5250E406BDB48458E056797,
				330BEA7DB869BD97FD929700,
				759136E422691334140387E3,
				7EBE251C2F337DA0F76DD542,
				9F182EE5E02AE4A738D9F256,
				1401938A55370178246B3741,
				E92C5244DCC3DC505B3158EC,
				A9514992BA2F76CC385972A1,
				F1BC08DFEF4676395F5B5925,
				4D84A3AF46ED5D3F7414D841,
				0A9A4E9E2DEAEE8CCFA4EB4E,
				954B3442032485F3A977898D,
			);
			name = Frameworks;
			sourceTree = "<group>";
		};
		5EAEFD7C55DBC11266039346 = {
			isa = PBXGroup;
			children = (
				6853D8DE8F51FF8DBF9F638A,
				03AD50CE2D334228A234DF81,
				56320D18C9DF55D67898E74E,
				67C719BF25932578250D93E0,
			);
			name = Products;
			sourceTree = "<group>";
		};
		A482094922F9E2BC902A9A15 = {
			isa = PBXGroup;
			children = (
				439D227C2E3E13D1621084BA,
				9625ECC48CFB81F63EC82D66,
				4A43F8D1F7D81828E860F6BE,
				468B330A1E1E71BBCD48B5CE,
				9770F3726BF8AE517AF57F8C,
				17FAA370C1DF5105D24463EE,
				5EAEFD7C55DBC11266039346,
			);
			name = Source;
			sourceTree = "<group>";
		};
		6535E78EFF803FC325137C1C = {
			isa = XCBuildConfiguration;
			buildSettings = {
				MACOSX_DEPLOYMENT_TARGET = 10.11;
			};
			name = Debug;
		};
		092F3A8798B01DFA8FBB77FA = {
			isa = XCBuildConfiguration;
			buildSettings = {
				MACOSX_DEPLOYMENT_TARGET = 10.11;
			};
			name = Release;
		};
		C531C5FA3BAD25DA23942165 = {
			isa = XCBuildConfiguration;
			buildSettings = {
				CLANG_CXX_LANGUAGE_STANDARD = "c++14";
				CLANG_CXX_LIBRARY = "libc++";
				CLANG_LINK_OBJC_RUNTIME = NO;
				COMBINE_HIDPI_IMAGES = YES;
				CONFIGURATION_BUILD_DIR = "$(PROJECT_DIR)/build/$(CONFIGURATION)";
				COPY_PHASE_STRIP = NO;
				DEPLOYMENT_LOCATION = YES;
				DSTROOT = /;
				GCC_DYNAMIC_NO_PIC = NO;
				GCC_OPTIMIZATION_LEVEL = 0;
				GCC_PREPROCESSOR_DEFINITIONS = (
					"_DEBUG=1",
					"DEBUG=1",
					"JUCER_XCODE_MAC_F6D2F4CF=1",
					"JUCE_APP_VERSION=1.0.0",
					"JUCE_APP_VERSION_HEX=0x10000",
					"JucePlugin_Build_VST=0",
					"JucePlugin_Build_VST3=1",
					"JucePlugin_Build_AU=0",
					"JucePlugin_Build_AUv3=0",
					"JucePlugin_Build_RTAS=0",
					"JucePlugin_Build_AAX=0",
					"JucePlugin_Build_Standalone=0",
					"JucePlugin_Build_Unity=0",
				);
				GCC_VERSION = com.apple.compilers.llvm.clang.1_0;
				GENERATE_PKGINFO_FILE = YES;
				HEADER_SEARCH_PATHS = (
					"/Applications/JUCE/modules/juce_audio_processors/format_types/VST3_SDK",
					"../../JuceLibraryCode",
					"/Applications/JUCE/modules",
					"/Applications/JUCE/modules/juce_audio_plugin_client",
					"$(inherited)",
				);
				INFOPLIST_FILE = Info-VST3.plist;
				INFOPLIST_PREPROCESS = NO;
				INSTALL_PATH = "$(HOME)/Library/Audio/Plug-Ins/VST3/";
				LIBRARY_STYLE = Bundle;
				MACOSX_DEPLOYMENT_TARGET = 10.11;
				OTHER_LDFLAGS = "-bundle -lPanimate";
				PRODUCT_BUNDLE_IDENTIFIER = com.yourcompany.Panimate;
				PRODUCT_NAME = "Panimate";
				USE_HEADERMAP = NO;
				WRAPPER_EXTENSION = vst3;
			};
			name = Debug;
		};
		CA72D11D9AC02EBD68D1680B = {
			isa = XCBuildConfiguration;
			buildSettings = {
				CLANG_CXX_LANGUAGE_STANDARD = "c++14";
				CLANG_CXX_LIBRARY = "libc++";
				CLANG_LINK_OBJC_RUNTIME = NO;
				COMBINE_HIDPI_IMAGES = YES;
				CONFIGURATION_BUILD_DIR = "$(PROJECT_DIR)/build/$(CONFIGURATION)";
				DEAD_CODE_STRIPPING = YES;
				DEPLOYMENT_LOCATION = YES;
				DSTROOT = /;
				GCC_GENERATE_DEBUGGING_SYMBOLS = NO;
				GCC_OPTIMIZATION_LEVEL = 3;
				GCC_PREPROCESSOR_DEFINITIONS = (
					"_NDEBUG=1",
					"NDEBUG=1",
					"JUCER_XCODE_MAC_F6D2F4CF=1",
					"JUCE_APP_VERSION=1.0.0",
					"JUCE_APP_VERSION_HEX=0x10000",
					"JucePlugin_Build_VST=0",
					"JucePlugin_Build_VST3=1",
					"JucePlugin_Build_AU=0",
					"JucePlugin_Build_AUv3=0",
					"JucePlugin_Build_RTAS=0",
					"JucePlugin_Build_AAX=0",
					"JucePlugin_Build_Standalone=0",
					"JucePlugin_Build_Unity=0",
				);
				GCC_SYMBOLS_PRIVATE_EXTERN = YES;
				GCC_VERSION = com.apple.compilers.llvm.clang.1_0;
				GENERATE_PKGINFO_FILE = YES;
				HEADER_SEARCH_PATHS = (
					"/Applications/JUCE/modules/juce_audio_processors/format_types/VST3_SDK",
					"../../JuceLibraryCode",
					"/Applications/JUCE/modules",
					"/Applications/JUCE/modules/juce_audio_plugin_client",
					"$(inherited)",
				);
				INFOPLIST_FILE = Info-VST3.plist;
				INFOPLIST_PREPROCESS = NO;
				INSTALL_PATH = "$(HOME)/Library/Audio/Plug-Ins/VST3/";
				LIBRARY_STYLE = Bundle;
				LLVM_LTO = YES;
				MACOSX_DEPLOYMENT_TARGET = 10.11;
				OTHER_LDFLAGS = "-bundle -lPanimate";
				PRODUCT_BUNDLE_IDENTIFIER = com.yourcompany.Panimate;
				PRODUCT_NAME = "Panimate";
				USE_HEADERMAP = NO;
				WRAPPER_EXTENSION = vst3;
			};
			name = Release;
		};
		121F0BB35E213280E67AAB40 = {
			isa = XCBuildConfiguration;
			buildSettings = {
				CLANG_CXX_LANGUAGE_STANDARD = "c++14";
				CLANG_CXX_LIBRARY = "libc++";
				CLANG_LINK_OBJC_RUNTIME = NO;
				COMBINE_HIDPI_IMAGES = YES;
				CONFIGURATION_BUILD_DIR = "$(PROJECT_DIR)/build/$(CONFIGURATION)";
				COPY_PHASE_STRIP = NO;
				DEPLOYMENT_LOCATION = YES;
				DSTROOT = /;
				GCC_DYNAMIC_NO_PIC = NO;
				GCC_OPTIMIZATION_LEVEL = 0;
				GCC_PREPROCESSOR_DEFINITIONS = (
					"_DEBUG=1",
					"DEBUG=1",
					"JUCER_XCODE_MAC_F6D2F4CF=1",
					"JUCE_APP_VERSION=1.0.0",
					"JUCE_APP_VERSION_HEX=0x10000",
					"JucePlugin_Build_VST=0",
					"JucePlugin_Build_VST3=0",
					"JucePlugin_Build_AU=1",
					"JucePlugin_Build_AUv3=0",
					"JucePlugin_Build_RTAS=0",
					"JucePlugin_Build_AAX=0",
					"JucePlugin_Build_Standalone=0",
					"JucePlugin_Build_Unity=0",
				);
				GCC_VERSION = com.apple.compilers.llvm.clang.1_0;
				GENERATE_PKGINFO_FILE = YES;
				HEADER_SEARCH_PATHS = (
					"/Applications/JUCE/modules/juce_audio_processors/format_types/VST3_SDK",
					"../../JuceLibraryCode",
					"/Applications/JUCE/modules",
					"/Applications/JUCE/modules/juce_audio_plugin_client",
					"$(inherited)",
				);
				INFOPLIST_FILE = Info-AU.plist;
				INFOPLIST_PREPROCESS = NO;
				INSTALL_PATH = "$(HOME)/Library/Audio/Plug-Ins/Components/";
				LIBRARY_STYLE = Bundle;
				MACOSX_DEPLOYMENT_TARGET = 10.11;
				OTHER_LDFLAGS = "-bundle -lPanimate";
				OTHER_REZFLAGS = "-d ppc_$ppc -d i386_$i386 -d ppc64_$ppc64 -d x86_64_$x86_64 -I /System/Library/Frameworks/CoreServices.framework/Frameworks/CarbonCore.framework/Versions/A/Headers -I \"$(DEVELOPER_DIR)/Extras/CoreAudio/AudioUnits/AUPublic/AUBase\"";
				PRODUCT_BUNDLE_IDENTIFIER = com.yourcompany.Panimate;
				PRODUCT_NAME = "Panimate";
				USE_HEADERMAP = NO;
				WRAPPER_EXTENSION = component;
			};
			name = Debug;
		};
		B442503F47C7EA39C9DAC145 = {
			isa = XCBuildConfiguration;
			buildSettings = {
				CLANG_CXX_LANGUAGE_STANDARD = "c++14";
				CLANG_CXX_LIBRARY = "libc++";
				CLANG_LINK_OBJC_RUNTIME = NO;
				COMBINE_HIDPI_IMAGES = YES;
				CONFIGURATION_BUILD_DIR = "$(PROJECT_DIR)/build/$(CONFIGURATION)";
				DEAD_CODE_STRIPPING = YES;
				DEPLOYMENT_LOCATION = YES;
				DSTROOT = /;
				GCC_GENERATE_DEBUGGING_SYMBOLS = NO;
				GCC_OPTIMIZATION_LEVEL = 3;
				GCC_PREPROCESSOR_DEFINITIONS = (
					"_NDEBUG=1",
					"NDEBUG=1",
					"JUCER_XCODE_MAC_F6D2F4CF=1",
					"JUCE_APP_VERSION=1.0.0",
					"JUCE_APP_VERSION_HEX=0x10000",
					"JucePlugin_Build_VST=0",
					"JucePlugin_Build_VST3=0",
					"JucePlugin_Build_AU=1",
					"JucePlugin_Build_AUv3=0",
					"JucePlugin_Build_RTAS=0",
					"JucePlugin_Build_AAX=0",
					"JucePlugin_Build_Standalone=0",
					"JucePlugin_Build_Unity=0",
				);
				GCC_SYMBOLS_PRIVATE_EXTERN = YES;
				GCC_VERSION = com.apple.compilers.llvm.clang.1_0;
				GENERATE_PKGINFO_FILE = YES;
				HEADER_SEARCH_PATHS = (
					"/Applications/JUCE/modules/juce_audio_processors/format_types/VST3_SDK",
					"../../JuceLibraryCode",
					"/Applications/JUCE/modules",
					"/Applications/JUCE/modules/juce_audio_plugin_client",
					"$(inherited)",
				);
				INFOPLIST_FILE = Info-AU.plist;
				INFOPLIST_PREPROCESS = NO;
				INSTALL_PATH = "$(HOME)/Library/Audio/Plug-Ins/Components/";
				LIBRARY_STYLE = Bundle;
				LLVM_LTO = YES;
				MACOSX_DEPLOYMENT_TARGET = 10.11;
				OTHER_LDFLAGS = "-bundle -lPanimate";
				OTHER_REZFLAGS = "-d ppc_$ppc -d i386_$i386 -d ppc64_$ppc64 -d x86_64_$x86_64 -I /System/Library/Frameworks/CoreServices.framework/Frameworks/CarbonCore.framework/Versions/A/Headers -I \"$(DEVELOPER_DIR)/Extras/CoreAudio/AudioUnits/AUPublic/AUBase\"";
				PRODUCT_BUNDLE_IDENTIFIER = com.yourcompany.Panimate;
				PRODUCT_NAME = "Panimate";
				USE_HEADERMAP = NO;
				WRAPPER_EXTENSION = component;
			};
			name = Release;
		};
		814D97BBEC312DF803770838 = {
			isa = XCBuildConfiguration;
			buildSettings = {
				CLANG_CXX_LANGUAGE_STANDARD = "c++14";
				CLANG_CXX_LIBRARY = "libc++";
				CLANG_LINK_OBJC_RUNTIME = NO;
				COMBINE_HIDPI_IMAGES = YES;
				CONFIGURATION_BUILD_DIR = "$(PROJECT_DIR)/build/$(CONFIGURATION)";
				COPY_PHASE_STRIP = NO;
				GCC_DYNAMIC_NO_PIC = NO;
				GCC_OPTIMIZATION_LEVEL = 0;
				GCC_PREPROCESSOR_DEFINITIONS = (
					"_DEBUG=1",
					"DEBUG=1",
					"JUCER_XCODE_MAC_F6D2F4CF=1",
					"JUCE_APP_VERSION=1.0.0",
					"JUCE_APP_VERSION_HEX=0x10000",
					"JucePlugin_Build_VST=0",
					"JucePlugin_Build_VST3=0",
					"JucePlugin_Build_AU=0",
					"JucePlugin_Build_AUv3=0",
					"JucePlugin_Build_RTAS=0",
					"JucePlugin_Build_AAX=0",
					"JucePlugin_Build_Standalone=1",
					"JucePlugin_Build_Unity=0",
				);
				GCC_VERSION = com.apple.compilers.llvm.clang.1_0;
				HEADER_SEARCH_PATHS = (
					"/Applications/JUCE/modules/juce_audio_processors/format_types/VST3_SDK",
					"../../JuceLibraryCode",
					"/Applications/JUCE/modules",
					"/Applications/JUCE/modules/juce_audio_plugin_client",
					"$(inherited)",
				);
				INFOPLIST_FILE = Info-Standalone_Plugin.plist;
				INFOPLIST_PREPROCESS = NO;
				MACOSX_DEPLOYMENT_TARGET = 10.11;
				OTHER_LDFLAGS = "-lPanimate";
				PRODUCT_BUNDLE_IDENTIFIER = com.yourcompany.Panimate;
				PRODUCT_NAME = "Panimate";
				USE_HEADERMAP = NO;
			};
			name = Debug;
		};
		23A7CAE734AF2C82087205D9 = {
			isa = XCBuildConfiguration;
			buildSettings = {
				CLANG_CXX_LANGUAGE_STANDARD = "c++14";
				CLANG_CXX_LIBRARY = "libc++";
				CLANG_LINK_OBJC_RUNTIME = NO;
				COMBINE_HIDPI_IMAGES = YES;
				CONFIGURATION_BUILD_DIR = "$(PROJECT_DIR)/build/$(CONFIGURATION)";
				DEAD_CODE_STRIPPING = YES;
				GCC_GENERATE_DEBUGGING_SYMBOLS = NO;
				GCC_OPTIMIZATION_LEVEL = 3;
				GCC_PREPROCESSOR_DEFINITIONS = (
					"_NDEBUG=1",
					"NDEBUG=1",
					"JUCER_XCODE_MAC_F6D2F4CF=1",
					"JUCE_APP_VERSION=1.0.0",
					"JUCE_APP_VERSION_HEX=0x10000",
					"JucePlugin_Build_VST=0",
					"JucePlugin_Build_VST3=0",
					"JucePlugin_Build_AU=0",
					"JucePlugin_Build_AUv3=0",
					"JucePlugin_Build_RTAS=0",
					"JucePlugin_Build_AAX=0",
					"JucePlugin_Build_Standalone=1",
					"JucePlugin_Build_Unity=0",
				);
				GCC_SYMBOLS_PRIVATE_EXTERN = YES;
				GCC_VERSION = com.apple.compilers.llvm.clang.1_0;
				HEADER_SEARCH_PATHS = (
					"/Applications/JUCE/modules/juce_audio_processors/format_types/VST3_SDK",
					"../../JuceLibraryCode",
					"/Applications/JUCE/modules",
					"/Applications/JUCE/modules/juce_audio_plugin_client",
					"$(inherited)",
				);
				INFOPLIST_FILE = Info-Standalone_Plugin.plist;
				INFOPLIST_PREPROCESS = NO;
				LLVM_LTO = YES;
				MACOSX_DEPLOYMENT_TARGET = 10.11;
				OTHER_LDFLAGS = "-lPanimate";
				PRODUCT_BUNDLE_IDENTIFIER = com.yourcompany.Panimate;
				PRODUCT_NAME = "Panimate";
				USE_HEADERMAP = NO;
			};
			name = Release;
		};
		30FEB5C809554958EA2077B4 = {
			isa = XCBuildConfiguration;
			buildSettings = {
				CLANG_CXX_LANGUAGE_STANDARD = "c++14";
				CLANG_CXX_LIBRARY = "libc++";
				CLANG_LINK_OBJC_RUNTIME = NO;
				COMBINE_HIDPI_IMAGES = YES;
				CONFIGURATION_BUILD_DIR = "$(PROJECT_DIR)/build/$(CONFIGURATION)";
				COPY_PHASE_STRIP = NO;
				GCC_DYNAMIC_NO_PIC = NO;
				GCC_OPTIMIZATION_LEVEL = 0;
				GCC_PREPROCESSOR_DEFINITIONS = (
					"_DEBUG=1",
					"DEBUG=1",
					"JUCER_XCODE_MAC_F6D2F4CF=1",
					"JUCE_APP_VERSION=1.0.0",
					"JUCE_APP_VERSION_HEX=0x10000",
					"JucePlugin_Build_VST=0",
					"JucePlugin_Build_VST3=1",
					"JucePlugin_Build_AU=1",
					"JucePlugin_Build_AUv3=0",
					"JucePlugin_Build_RTAS=0",
					"JucePlugin_Build_AAX=0",
					"JucePlugin_Build_Standalone=1",
					"JucePlugin_Build_Unity=0",
					"JUCE_SHARED_CODE=1",
				);
				GCC_VERSION = com.apple.compilers.llvm.clang.1_0;
				HEADER_SEARCH_PATHS = (
					"/Applications/JUCE/modules/juce_audio_processors/format_types/VST3_SDK",
					"../../JuceLibraryCode",
					"/Applications/JUCE/modules",
					"/Applications/JUCE/modules/juce_audio_plugin_client",
					"$(inherited)",
				);
				INSTALL_PATH = "@executable_path/../Frameworks";
				MACOSX_DEPLOYMENT_TARGET = 10.11;
				PRODUCT_BUNDLE_IDENTIFIER = com.yourcompany.Panimate;
				PRODUCT_NAME = "Panimate";
				SKIP_INSTALL = YES;
				USE_HEADERMAP = NO;
			};
			name = Debug;
		};
		CF1ACD92965CD11BFA2BEDF9 = {
			isa = XCBuildConfiguration;
			buildSettings = {
				CLANG_CXX_LANGUAGE_STANDARD = "c++14";
				CLANG_CXX_LIBRARY = "libc++";
				CLANG_LINK_OBJC_RUNTIME = NO;
				COMBINE_HIDPI_IMAGES = YES;
				CONFIGURATION_BUILD_DIR = "$(PROJECT_DIR)/build/$(CONFIGURATION)";
				DEAD_CODE_STRIPPING = YES;
				GCC_GENERATE_DEBUGGING_SYMBOLS = NO;
				GCC_OPTIMIZATION_LEVEL = 3;
				GCC_PREPROCESSOR_DEFINITIONS = (
					"_NDEBUG=1",
					"NDEBUG=1",
					"JUCER_XCODE_MAC_F6D2F4CF=1",
					"JUCE_APP_VERSION=1.0.0",
					"JUCE_APP_VERSION_HEX=0x10000",
					"JucePlugin_Build_VST=0",
					"JucePlugin_Build_VST3=1",
					"JucePlugin_Build_AU=1",
					"JucePlugin_Build_AUv3=0",
					"JucePlugin_Build_RTAS=0",
					"JucePlugin_Build_AAX=0",
					"JucePlugin_Build_Standalone=1",
					"JucePlugin_Build_Unity=0",
					"JUCE_SHARED_CODE=1",
				);
				GCC_SYMBOLS_PRIVATE_EXTERN = YES;
				GCC_VERSION = com.apple.compilers.llvm.clang.1_0;
				HEADER_SEARCH_PATHS = (
					"/Applications/JUCE/modules/juce_audio_processors/format_types/VST3_SDK",
					"../../JuceLibraryCode",
					"/Applications/JUCE/modules",
					"/Applications/JUCE/modules/juce_audio_plugin_client",
					"$(inherited)",
				);
				INSTALL_PATH = "@executable_path/../Frameworks";
				LLVM_LTO = YES;
				MACOSX_DEPLOYMENT_TARGET = 10.11;
				PRODUCT_BUNDLE_IDENTIFIER = com.yourcompany.Panimate;
				PRODUCT_NAME = "Panimate";
				SKIP_INSTALL = YES;
				USE_HEADERMAP = NO;
			};
			name = Release;
		};
		B8CF45283D65A078BA978C26 = {
			isa = XCBuildConfiguration;
			buildSettings = {
				ALWAYS_SEARCH_USER_PATHS = NO;
				CLANG_ENABLE_OBJC_WEAK = YES;
				CLANG_WARN_BLOCK_CAPTURE_AUTORELEASING = YES;
				CLANG_WARN_BOOL_CONVERSION = YES;
				CLANG_WARN_COMMA = YES;
				CLANG_WARN_CONSTANT_CONVERSION = YES;
				CLANG_WARN_DEPRECATED_OBJC_IMPLEMENTATIONS = YES;
				CLANG_WARN_EMPTY_BODY = YES;
				CLANG_WARN_ENUM_CONVERSION = YES;
				CLANG_WARN_INFINITE_RECURSION = YES;
				CLANG_WARN_INT_CONVERSION = YES;
				CLANG_WARN_NON_LITERAL_NULL_CONVERSION = YES;
				CLANG_WARN_OBJC_IMPLICIT_RETAIN_SELF = YES;
				CLANG_WARN_OBJC_LITERAL_CONVERSION = YES;
				CLANG_WARN_RANGE_LOOP_ANALYSIS = YES;
				CLANG_WARN_STRICT_PROTOTYPES = YES;
				CLANG_WARN_SUSPICIOUS_MOVE = YES;
				CLANG_WARN_UNREACHABLE_CODE = YES;
				CLANG_WARN__DUPLICATE_METHOD_MATCH = YES;
				DEBUG_INFORMATION_FORMAT = dwarf;
				ENABLE_STRICT_OBJC_MSGSEND = YES;
				ENABLE_TESTABILITY = YES;
				GCC_C_LANGUAGE_STANDARD = c11;
				GCC_INLINES_ARE_PRIVATE_EXTERN = YES;
				GCC_MODEL_TUNING = G5;
				GCC_NO_COMMON_BLOCKS = YES;
				GCC_WARN_64_TO_32_BIT_CONVERSION = YES;
				GCC_WARN_ABOUT_RETURN_TYPE = YES;
				GCC_WARN_CHECK_SWITCH_STATEMENTS = YES;
				GCC_WARN_MISSING_PARENTHESES = YES;
				GCC_WARN_NON_VIRTUAL_DESTRUCTOR = YES;
				GCC_WARN_TYPECHECK_CALLS_TO_PRINTF = YES;
				GCC_WARN_UNDECLARED_SELECTOR = YES;
				GCC_WARN_UNINITIALIZED_AUTOS = YES;
				GCC_WARN_UNUSED_FUNCTION = YES;
				GCC_WARN_UNUSED_VARIABLE = YES;
				ONLY_ACTIVE_ARCH = YES;
				PRODUCT_NAME = "Panimate";
				WARNING_CFLAGS = "-Wreorder";
				ZERO_LINK = NO;
			};
			name = Debug;
		};
		DF95454B87A11D6217ACD2DB = {
			isa = XCBuildConfiguration;
			buildSettings = {
				ALWAYS_SEARCH_USER_PATHS = NO;
				CLANG_ENABLE_OBJC_WEAK = YES;
				CLANG_WARN_BLOCK_CAPTURE_AUTORELEASING = YES;
				CLANG_WARN_BOOL_CONVERSION = YES;
				CLANG_WARN_COMMA = YES;
				CLANG_WARN_CONSTANT_CONVERSION = YES;
				CLANG_WARN_DEPRECATED_OBJC_IMPLEMENTATIONS = YES;
				CLANG_WARN_EMPTY_BODY = YES;
				CLANG_WARN_ENUM_CONVERSION = YES;
				CLANG_WARN_INFINITE_RECURSION = YES;
				CLANG_WARN_INT_CONVERSION = YES;
				CLANG_WARN_NON_LITERAL_NULL_CONVERSION = YES;
				CLANG_WARN_OBJC_IMPLICIT_RETAIN_SELF = YES;
				CLANG_WARN_OBJC_LITERAL_CONVERSION = YES;
				CLANG_WARN_RANGE_LOOP_ANALYSIS = YES;
				CLANG_WARN_STRICT_PROTOTYPES = YES;
				CLANG_WARN_SUSPICIOUS_MOVE = YES;
				CLANG_WARN_UNREACHABLE_CODE = YES;
				CLANG_WARN__DUPLICATE_METHOD_MATCH = YES;
				DEBUG_INFORMATION_FORMAT = dwarf;
				ENABLE_STRICT_OBJC_MSGSEND = YES;
				GCC_C_LANGUAGE_STANDARD = c11;
				GCC_INLINES_ARE_PRIVATE_EXTERN = YES;
				GCC_MODEL_TUNING = G5;
				GCC_NO_COMMON_BLOCKS = YES;
				GCC_WARN_64_TO_32_BIT_CONVERSION = YES;
				GCC_WARN_ABOUT_RETURN_TYPE = YES;
				GCC_WARN_CHECK_SWITCH_STATEMENTS = YES;
				GCC_WARN_MISSING_PARENTHESES = YES;
				GCC_WARN_NON_VIRTUAL_DESTRUCTOR = YES;
				GCC_WARN_TYPECHECK_CALLS_TO_PRINTF = YES;
				GCC_WARN_UNDECLARED_SELECTOR = YES;
				GCC_WARN_UNINITIALIZED_AUTOS = YES;
				GCC_WARN_UNUSED_FUNCTION = YES;
				GCC_WARN_UNUSED_VARIABLE = YES;
				PRODUCT_NAME = "Panimate";
				WARNING_CFLAGS = "-Wreorder";
				ZERO_LINK = NO;
			};
			name = Release;
		};
		A4BF45451510C64B2FC1B685 = {
			isa = PBXTargetDependency;
			target = ECB97A4C81F087B28DB578D6;
		};
		104996AF679565FE8A8CA98E = {
			isa = PBXTargetDependency;
			target = A1C6DFB1987F042D291CCDF8;
		};
		21C82041FCC6B7166057D8CA = {
			isa = PBXTargetDependency;
			target = 3500C9387FA0E5D943544AD7;
		};
		987DCA77290FE4A427148A4E = {
			isa = PBXTargetDependency;
			target = 4147B6937240F5353845AFEE;
		};
		A9F8472E3E15984C9EEA8148 = {
			isa = XCConfigurationList;
			buildConfigurations = (
				B8CF45283D65A078BA978C26,
				DF95454B87A11D6217ACD2DB,
			);
			defaultConfigurationIsVisible = 0;
			defaultConfigurationName = Debug;
		};
		1CFB1D6B87420198C9ECB0F3 = {
			isa = XCConfigurationList;
			buildConfigurations = (
				6535E78EFF803FC325137C1C,
				092F3A8798B01DFA8FBB77FA,
			);
			defaultConfigurationIsVisible = 0;
			defaultConfigurationName = Debug;
		};
		8AD4DED3D4396775AF8F67E0 = {
			isa = PBXAggregateTarget;
			buildConfigurationList = 1CFB1D6B87420198C9ECB0F3;
			buildPhases = ( );
			buildRules = ( );
			dependencies = (
				A4BF45451510C64B2FC1B685,
				104996AF679565FE8A8CA98E,
				21C82041FCC6B7166057D8CA,
				987DCA77290FE4A427148A4E,
			);
			name = "Panimate - All";
			productName = Panimate;
		};
		2A616DC04D50126133EE72F1 = {
			isa = XCConfigurationList;
			buildConfigurations = (
				C531C5FA3BAD25DA23942165,
				CA72D11D9AC02EBD68D1680B,
			);
			defaultConfigurationIsVisible = 0;
			defaultConfigurationName = Debug;
		};
		BB1B6B8268E17CA14281FA28 = {
			isa = PBXResourcesBuildPhase;
			buildActionMask = 2147483647;
			files = (
				0567147AD59A54E0F789B665,
			);
			runOnlyForDeploymentPostprocessing = 0;
		};
		A9A81E1D57F4FB6E341388D7 = {
			isa = PBXSourcesBuildPhase;
			buildActionMask = 2147483647;
			files = (
				631B8082B1B83C87881AAEE9,
			);
			runOnlyForDeploymentPostprocessing = 0;
		};
		83F3A0F072C88546DD8645A0 = {
			isa = PBXFrameworksBuildPhase;
			buildActionMask = 2147483647;
			files = (
				4FAF855BA9D24B7ED4D3562F,
				32A23CA863FD2D820E7B07CC,
				6CF1C8BE18674E15C2B5157B,
				A1AF46252E160481C9D156AD,
				B683D8B61ACEE6E55709CBC1,
				CE8425AA4246C62F36A7EB46,
				3CA3A3892C0CD1C11C1B3D45,
				F34C0B44FAAEA9486C25E96B,
				EA0C2FA8774DA5CFFA4B9AEE,
				185886F247FFD0223B7B785A,
				E9AA334CCC51494818AFA6E1,
			);
			runOnlyForDeploymentPostprocessing = 0;
		};
		ECB97A4C81F087B28DB578D6 = {
			isa = PBXNativeTarget;
			buildConfigurationList = 2A616DC04D50126133EE72F1;
			buildPhases = (
				BB1B6B8268E17CA14281FA28,
				A9A81E1D57F4FB6E341388D7,
				83F3A0F072C88546DD8645A0,
			);
			buildRules = ( );
			dependencies = (
				987DCA77290FE4A427148A4E,
			);
			name = "Panimate - VST3";
			productName = Panimate;
			productReference = 6853D8DE8F51FF8DBF9F638A;
			productType = "com.apple.product-type.bundle";
		};
		5E5CD60B92A1B12E549545E0 = {
			isa = XCConfigurationList;
			buildConfigurations = (
				121F0BB35E213280E67AAB40,
				B442503F47C7EA39C9DAC145,
			);
			defaultConfigurationIsVisible = 0;
			defaultConfigurationName = Debug;
		};
		3E8D7BE81E15DC125DD65272 = {
			isa = PBXResourcesBuildPhase;
			buildActionMask = 2147483647;
			files = (
				0567147AD59A54E0F789B665,
			);
			runOnlyForDeploymentPostprocessing = 0;
		};
		3914B4BA3554CED980E6CC62 = {
			isa = PBXRezBuildPhase;
			buildActionMask = 2147483647;
			files = (
				314880C2BD54703F272E66BB,
			);
			runOnlyForDeploymentPostprocessing = 0;
		};
		E270FD78CD8D25F0F26B721B = {
			isa = PBXSourcesBuildPhase;
			buildActionMask = 2147483647;
			files = (
				D30817AA977AA3236337351C,
				D6DC820922EFEC7C98178BF5,
			);
			runOnlyForDeploymentPostprocessing = 0;
		};
		F78D2DB2CF301625D2E627EA = {
			isa = PBXFrameworksBuildPhase;
			buildActionMask = 2147483647;
			files = (
				4FAF855BA9D24B7ED4D3562F,
				32A23CA863FD2D820E7B07CC,
				2A433DD9BA6492A071C921CB,
				6CF1C8BE18674E15C2B5157B,
				A1AF46252E160481C9D156AD,
				B683D8B61ACEE6E55709CBC1,
				8DEB3CA1A87BB2384676B880,
				CE8425AA4246C62F36A7EB46,
				3CA3A3892C0CD1C11C1B3D45,
				F34C0B44FAAEA9486C25E96B,
				EA0C2FA8774DA5CFFA4B9AEE,
				185886F247FFD0223B7B785A,
				E9AA334CCC51494818AFA6E1,
			);
			runOnlyForDeploymentPostprocessing = 0;
		};
		A1C6DFB1987F042D291CCDF8 = {
			isa = PBXNativeTarget;
			buildConfigurationList = 5E5CD60B92A1B12E549545E0;
			buildPhases = (
				3E8D7BE81E15DC125DD65272,
				3914B4BA3554CED980E6CC62,
				E270FD78CD8D25F0F26B721B,
				F78D2DB2CF301625D2E627EA,
			);
			buildRules = ( );
			dependencies = (
				987DCA77290FE4A427148A4E,
			);
			name = "Panimate - AU";
			productName = Panimate;
			productReference = 03AD50CE2D334228A234DF81;
			productType = "com.apple.product-type.bundle";
		};
		4F0FC55BACC51C5EF56F03F4 = {
			isa = XCConfigurationList;
			buildConfigurations = (
				814D97BBEC312DF803770838,
				23A7CAE734AF2C82087205D9,
			);
			defaultConfigurationIsVisible = 0;
			defaultConfigurationName = Debug;
		};
		C6A79078B8FC294F50AE8005 = {
			isa = PBXResourcesBuildPhase;
			buildActionMask = 2147483647;
			files = (
				0567147AD59A54E0F789B665,
			);
			runOnlyForDeploymentPostprocessing = 0;
		};
		EAB454CF2FE5E9499E0EA3BB = {
			isa = PBXSourcesBuildPhase;
			buildActionMask = 2147483647;
			files = (
				D1E52B07A74EAF85FD8F0678,
			);
			runOnlyForDeploymentPostprocessing = 0;
		};
		FB4F517D1F0D6CA18C1087E5 = {
			isa = PBXFrameworksBuildPhase;
			buildActionMask = 2147483647;
			files = (
				4FAF855BA9D24B7ED4D3562F,
				32A23CA863FD2D820E7B07CC,
				6CF1C8BE18674E15C2B5157B,
				A1AF46252E160481C9D156AD,
				B683D8B61ACEE6E55709CBC1,
				CE8425AA4246C62F36A7EB46,
				3CA3A3892C0CD1C11C1B3D45,
				F34C0B44FAAEA9486C25E96B,
				EA0C2FA8774DA5CFFA4B9AEE,
				185886F247FFD0223B7B785A,
				E9AA334CCC51494818AFA6E1,
			);
			runOnlyForDeploymentPostprocessing = 0;
		};
		3500C9387FA0E5D943544AD7 = {
			isa = PBXNativeTarget;
			buildConfigurationList = 4F0FC55BACC51C5EF56F03F4;
			buildPhases = (
				C6A79078B8FC294F50AE8005,
				EAB454CF2FE5E9499E0EA3BB,
				FB4F517D1F0D6CA18C1087E5,
			);
			buildRules = ( );
			dependencies = (
				987DCA77290FE4A427148A4E,
			);
			name = "Panimate - Standalone Plugin";
			productName = Panimate;
			productReference = 56320D18C9DF55D67898E74E;
			productType = "com.apple.product-type.application";
		};
		60BE191713153DC3C9EC450C = {
			isa = XCConfigurationList;
			buildConfigurations = (
				30FEB5C809554958EA2077B4,
				CF1ACD92965CD11BFA2BEDF9,
			);
			defaultConfigurationIsVisible = 0;
			defaultConfigurationName = Debug;
		};
		9CDE85C5B9DBE39F8DD9B69A = {
			isa = PBXSourcesBuildPhase;
			buildActionMask = 2147483647;
			files = (
				A09C0EC0047ABCEED0AD6063,
				6CF2C55883974ACFB23FEE23,
				EF6C3B7216AB10B0A0B1475B,
				F1F88641B9EF26DD9368833B,
				462F791143AF30FFAC7DDF18,
				FBF05364873143E2CC985F3B,
				699D8AC4E1C0946ED8F78CB9,
				219F76317AD36EEB9647C41C,
				8438B565D7A37281025CFB93,
				091E03D280F783D9C792378D,
				8E7292CF6FEDEAEF93F24733,
				5CC14FEB1109A590DC288F4C,
				325CD6C7502C2307124613C9,
				39D838BBDEF6F6227ECA165C,
				B9CA86DFD6925C0523E90051,
				C569D6AC93E659072B3202B4,
				0BF315FA65FD359CF1642211,
			);
			runOnlyForDeploymentPostprocessing = 0;
		};
		4147B6937240F5353845AFEE = {
			isa = PBXNativeTarget;
			buildConfigurationList = 60BE191713153DC3C9EC450C;
			buildPhases = (
				9CDE85C5B9DBE39F8DD9B69A,
			);
			buildRules = ( );
			dependencies = ( );
			name = "Panimate - Shared Code";
			productName = Panimate;
			productReference = 67C719BF25932578250D93E0;
			productType = "com.apple.product-type.library.static";
		};
		375C584FAF8DA19F4FDCA020 = {
			isa = PBXProject;
			buildConfigurationList = A9F8472E3E15984C9EEA8148;
			attributes = { LastUpgradeCheck = 0930; ORGANIZATIONNAME = ""; TargetAttributes = { 8AD4DED3D4396775AF8F67E0 = { SystemCapabilities = {com.apple.ApplicationGroups.iOS = { enabled = 0; }; com.apple.InAppPurchase = { enabled = 0; }; com.apple.InterAppAudio = { enabled = 0; }; com.apple.Push = { enabled = 0; }; com.apple.Sandbox = { enabled = 0; }; com.apple.HardenedRuntime = { enabled = 0; }; }; };ECB97A4C81F087B28DB578D6 = { SystemCapabilities = {com.apple.ApplicationGroups.iOS = { enabled = 0; }; com.apple.InAppPurchase = { enabled = 0; }; com.apple.InterAppAudio = { enabled = 0; }; com.apple.Push = { enabled = 0; }; com.apple.Sandbox = { enabled = 0; }; com.apple.HardenedRuntime = { enabled = 0; }; }; };A1C6DFB1987F042D291CCDF8 = { SystemCapabilities = {com.apple.ApplicationGroups.iOS = { enabled = 0; }; com.apple.InAppPurchase = { enabled = 0; }; com.apple.InterAppAudio = { enabled = 0; }; com.apple.Push = { enabled = 0; }; com.apple.Sandbox = { enabled = 0; }; com.apple.HardenedRuntime = { enabled = 0; }; }; };3500C9387FA0E5D943544AD7 = { SystemCapabilities = {com.apple.ApplicationGroups.iOS = { enabled = 0; }; com.apple.InAppPurchase = { enabled = 0; }; com.apple.InterAppAudio = { enabled = 0; }; com.apple.Push = { enabled = 0; }; com.apple.Sandbox = { enabled = 0; }; com.apple.HardenedRuntime = { enabled = 0; }; }; };4147B6937240F5353845AFEE = { SystemCapabilities = {com.apple.ApplicationGroups.iOS = { enabled = 0; }; com.apple.InAppPurchase = { enabled = 0; }; com.apple.InterAppAudio = { enabled = 0; }; com.apple.Push = { enabled = 0; }; com.apple.Sandbox = { enabled = 0; }; com.apple.HardenedRuntime = { enabled = 0; }; }; }; }; };
			compatibilityVersion = "Xcode 3.2";
			hasScannedForEncodings = 0;
			mainGroup = A482094922F9E2BC902A9A15;
			projectDirPath = "";
			projectRoot = "";
			targets = (8AD4DED3D4396775AF8F67E0, ECB97A4C81F087B28DB578D6, A1C6DFB1987F042D291CCDF8, 3500C9387FA0E5D943544AD7, 4147B6937240F5353845AFEE);
			knownRegions = (en, Base);
		};
	};
	rootObject = 375C584FAF8DA19F4FDCA020;
}
